
Microsoft Visual Studio Solution File, Format Version 12.00
# Visual Studio Version 17
VisualStudioVersion = 17.7.34221.43
MinimumVisualStudioVersion = 10.0.40219.1
Project("{FAE04EC0-301F-11D3-BF4B-00C04F79EFBC}") = "CsharpCamada.API", "CsharpCamada.API\CsharpCamada.API.csproj", "{0CE3E593-2472-41A9-B881-30171937D199}"
EndProject
Global
	GlobalSection(SolutionConfigurationPlatforms) = preSolution
		Debug|Any CPU = Debug|Any CPU
		Release|Any CPU = Release|Any CPU
	EndGlobalSection
	GlobalSection(ProjectConfigurationPlatforms) = postSolution
		{0CE3E593-2472-41A9-B881-30171937D199}.Debug|Any CPU.ActiveCfg = Debug|Any CPU
		{0CE3E593-2472-41A9-B881-30171937D199}.Debug|Any CPU.Build.0 = Debug|Any CPU
		{0CE3E593-2472-41A9-B881-30171937D199}.Release|Any CPU.ActiveCfg = Release|Any CPU
		{0CE3E593-2472-41A9-B881-30171937D199}.Release|Any CPU.Build.0 = Release|Any CPU
	EndGlobalSection
	GlobalSection(SolutionProperties) = preSolution
		HideSolutionNode = FALSE
	EndGlobalSection
	GlobalSection(ExtensibilityGlobals) = postSolution
		SolutionGuid = {3F91841E-478E-4A9D-A5A7-8822BDA80E24}
	EndGlobalSection
EndGlobal
